
Microsoft Visual Studio Solution File, Format Version 12.00
# Visual Studio Version 17
VisualStudioVersion = 17.2.32630.192
MinimumVisualStudioVersion = 10.0.40219.1
Project("{9A19103F-16F7-4668-BE54-9A1E7A4F7556}") = "R5T.S0045", "R5T.S0045\R5T.S0045.csproj", "{28B0CBB9-3742-458C-A372-CD927CF794D8}"
EndProject
Project("{2150E333-8FDC-42A3-9474-1A3956D46DE8}") = "_Dependencies", "_Dependencies", "{D3EF765E-584E-43A9-A442-8A325893523B}"
EndProject
Project("{9A19103F-16F7-4668-BE54-9A1E7A4F7556}") = "R5T.T0131", "..\..\R5T.T0131\source\R5T.T0131\R5T.T0131.csproj", "{2E1689DB-ADA5-4366-A1C9-3B46744559C2}"
EndProject
Project("{9A19103F-16F7-4668-BE54-9A1E7A4F7556}") = "R5T.F0002", "..\..\R5T.F0002\source\R5T.F0002\R5T.F0002.csproj", "{FD4C555A-909E-42B2-95C5-74AFDE0E3991}"
EndProject
Project("{9A19103F-16F7-4668-BE54-9A1E7A4F7556}") = "R5T.F0000", "..\..\R5T.F0000\source\R5T.F0000\R5T.F0000.csproj", "{E35B973F-35A0-4ED6-B337-4D0CA265A5A9}"
EndProject
Project("{9A19103F-16F7-4668-BE54-9A1E7A4F7556}") = "R5T.T0132", "..\..\R5T.T0132\source\R5T.T0132\R5T.T0132.csproj", "{16F7D2AC-4647-45FC-8D49-B4F27AD77587}"
EndProject
Project("{9A19103F-16F7-4668-BE54-9A1E7A4F7556}") = "R5T.T0143", "..\..\R5T.T0143\source\R5T.T0143\R5T.T0143.csproj", "{B40DB2F3-9052-45A8-8751-7B3F5C47AAD3}"
EndProject
Project("{9A19103F-16F7-4668-BE54-9A1E7A4F7556}") = "R5T.Z0000", "..\..\R5T.Z0000\source\R5T.Z0000\R5T.Z0000.csproj", "{162AC471-18ED-49A5-98D4-7677B0A6C185}"
EndProject
Project("{9A19103F-16F7-4668-BE54-9A1E7A4F7556}") = "R5T.Y0000", "..\..\R5T.Y0000\source\R5T.Y0000\R5T.Y0000.csproj", "{CFA6122A-E47A-44E5-BF06-F50F2B489744}"
EndProject
Project("{9A19103F-16F7-4668-BE54-9A1E7A4F7556}") = "R5T.Magyar", "..\..\R5T.Magyar\source\R5T.Magyar\R5T.Magyar.csproj", "{3016C633-CFB7-4AB5-9A4E-01CBAC96CB0C}"
EndProject
Project("{9A19103F-16F7-4668-BE54-9A1E7A4F7556}") = "R5T.F0019", "..\..\R5T.F0019\source\R5T.F0019\R5T.F0019.csproj", "{68AF4871-D7E0-40F4-87C7-D5CB8C40EEFD}"
EndProject
Project("{9A19103F-16F7-4668-BE54-9A1E7A4F7556}") = "R5T.T0142", "..\..\R5T.T0142\source\R5T.T0142\R5T.T0142.csproj", "{A404C795-189B-4ACA-B5F6-5F14FA93E926}"
EndProject
Project("{9A19103F-16F7-4668-BE54-9A1E7A4F7556}") = "R5T.L0001.Y000", "..\..\R5T.L0001\source\R5T.L0001.Y000\R5T.L0001.Y000.csproj", "{0322EAD8-A491-4F5B-BBEE-7440F4849AC0}"
EndProject
Project("{9A19103F-16F7-4668-BE54-9A1E7A4F7556}") = "R5T.L0001.Z000", "..\..\R5T.L0001\source\R5T.L0001.Z000\R5T.L0001.Z000.csproj", "{7DE71F25-95F2-4640-ACE5-15774061DA69}"
EndProject
Project("{9A19103F-16F7-4668-BE54-9A1E7A4F7556}") = "R5T.L0001", "..\..\R5T.L0001\source\R5T.L0001\R5T.L0001.csproj", "{0BAF3824-56D1-4CE4-A909-EDCC2C308A75}"
EndProject
Project("{9A19103F-16F7-4668-BE54-9A1E7A4F7556}") = "R5T.T0046", "..\..\R5T.T0046\source\R5T.T0046\R5T.T0046.csproj", "{1EC34581-F27D-4DD2-BAD0-962A56772ABD}"
EndProject
Project("{9A19103F-16F7-4668-BE54-9A1E7A4F7556}") = "R5T.T0144", "..\..\R5T.T0144\source\R5T.T0144\R5T.T0144.csproj", "{7469E4B0-EEA0-4AC6-9934-AB1B602AAB75}"
EndProject
Project("{9A19103F-16F7-4668-BE54-9A1E7A4F7556}") = "R5T.T0156", "..\..\R5T.T0156\source\R5T.T0156\R5T.T0156.csproj", "{CDCDF465-B4A7-4202-82C1-C8BC6FE32343}"
EndProject
Project("{9A19103F-16F7-4668-BE54-9A1E7A4F7556}") = "R5T.Y0004", "..\..\R5T.Y0004\source\R5T.Y0004\R5T.Y0004.csproj", "{AD1F3478-31DF-4AE9-9A9E-F4539F5EEF66}"
EndProject
Project("{9A19103F-16F7-4668-BE54-9A1E7A4F7556}") = "R5T.Z0005", "..\..\R5T.Z0005\source\R5T.Z0005\R5T.Z0005.csproj", "{845375D7-73D7-4CFE-A0C1-85081B05F27E}"
EndProject
Global
	GlobalSection(NestedProjects) = preSolution
		{2E1689DB-ADA5-4366-A1C9-3B46744559C2} = {D3EF765E-584E-43A9-A442-8A325893523B}
		{FD4C555A-909E-42B2-95C5-74AFDE0E3991} = {D3EF765E-584E-43A9-A442-8A325893523B}
		{E35B973F-35A0-4ED6-B337-4D0CA265A5A9} = {D3EF765E-584E-43A9-A442-8A325893523B}
		{16F7D2AC-4647-45FC-8D49-B4F27AD77587} = {D3EF765E-584E-43A9-A442-8A325893523B}
		{B40DB2F3-9052-45A8-8751-7B3F5C47AAD3} = {D3EF765E-584E-43A9-A442-8A325893523B}
		{162AC471-18ED-49A5-98D4-7677B0A6C185} = {D3EF765E-584E-43A9-A442-8A325893523B}
		{CFA6122A-E47A-44E5-BF06-F50F2B489744} = {D3EF765E-584E-43A9-A442-8A325893523B}
		{3016C633-CFB7-4AB5-9A4E-01CBAC96CB0C} = {D3EF765E-584E-43A9-A442-8A325893523B}
		{68AF4871-D7E0-40F4-87C7-D5CB8C40EEFD} = {D3EF765E-584E-43A9-A442-8A325893523B}
		{A404C795-189B-4ACA-B5F6-5F14FA93E926} = {D3EF765E-584E-43A9-A442-8A325893523B}
		{0322EAD8-A491-4F5B-BBEE-7440F4849AC0} = {D3EF765E-584E-43A9-A442-8A325893523B}
		{7DE71F25-95F2-4640-ACE5-15774061DA69} = {D3EF765E-584E-43A9-A442-8A325893523B}
		{0BAF3824-56D1-4CE4-A909-EDCC2C308A75} = {D3EF765E-584E-43A9-A442-8A325893523B}
		{1EC34581-F27D-4DD2-BAD0-962A56772ABD} = {D3EF765E-584E-43A9-A442-8A325893523B}
		{7469E4B0-EEA0-4AC6-9934-AB1B602AAB75} = {D3EF765E-584E-43A9-A442-8A325893523B}
		{CDCDF465-B4A7-4202-82C1-C8BC6FE32343} = {D3EF765E-584E-43A9-A442-8A325893523B}
		{AD1F3478-31DF-4AE9-9A9E-F4539F5EEF66} = {D3EF765E-584E-43A9-A442-8A325893523B}
		{845375D7-73D7-4CFE-A0C1-85081B05F27E} = {D3EF765E-584E-43A9-A442-8A325893523B}
	EndGlobalSection
	GlobalSection(SolutionConfigurationPlatforms) = preSolution
		Debug|Any CPU = Debug|Any CPU
		Release|Any CPU = Release|Any CPU
	EndGlobalSection
	GlobalSection(ProjectConfigurationPlatforms) = postSolution
		{28B0CBB9-3742-458C-A372-CD927CF794D8}.Debug|Any CPU.ActiveCfg = Debug|Any CPU
		{28B0CBB9-3742-458C-A372-CD927CF794D8}.Debug|Any CPU.Build.0 = Debug|Any CPU
		{28B0CBB9-3742-458C-A372-CD927CF794D8}.Release|Any CPU.ActiveCfg = Release|Any CPU
		{28B0CBB9-3742-458C-A372-CD927CF794D8}.Release|Any CPU.Build.0 = Release|Any CPU
		{2E1689DB-ADA5-4366-A1C9-3B46744559C2}.Debug|Any CPU.ActiveCfg = Debug|Any CPU
		{2E1689DB-ADA5-4366-A1C9-3B46744559C2}.Debug|Any CPU.Build.0 = Debug|Any CPU
		{2E1689DB-ADA5-4366-A1C9-3B46744559C2}.Release|Any CPU.ActiveCfg = Release|Any CPU
		{2E1689DB-ADA5-4366-A1C9-3B46744559C2}.Release|Any CPU.Build.0 = Release|Any CPU
		{FD4C555A-909E-42B2-95C5-74AFDE0E3991}.Debug|Any CPU.ActiveCfg = Debug|Any CPU
		{FD4C555A-909E-42B2-95C5-74AFDE0E3991}.Debug|Any CPU.Build.0 = Debug|Any CPU
		{FD4C555A-909E-42B2-95C5-74AFDE0E3991}.Release|Any CPU.ActiveCfg = Release|Any CPU
		{FD4C555A-909E-42B2-95C5-74AFDE0E3991}.Release|Any CPU.Build.0 = Release|Any CPU
		{E35B973F-35A0-4ED6-B337-4D0CA265A5A9}.Debug|Any CPU.ActiveCfg = Debug|Any CPU
		{E35B973F-35A0-4ED6-B337-4D0CA265A5A9}.Debug|Any CPU.Build.0 = Debug|Any CPU
		{E35B973F-35A0-4ED6-B337-4D0CA265A5A9}.Release|Any CPU.ActiveCfg = Release|Any CPU
		{E35B973F-35A0-4ED6-B337-4D0CA265A5A9}.Release|Any CPU.Build.0 = Release|Any CPU
		{16F7D2AC-4647-45FC-8D49-B4F27AD77587}.Debug|Any CPU.ActiveCfg = Debug|Any CPU
		{16F7D2AC-4647-45FC-8D49-B4F27AD77587}.Debug|Any CPU.Build.0 = Debug|Any CPU
		{16F7D2AC-4647-45FC-8D49-B4F27AD77587}.Release|Any CPU.ActiveCfg = Release|Any CPU
		{16F7D2AC-4647-45FC-8D49-B4F27AD77587}.Release|Any CPU.Build.0 = Release|Any CPU
		{B40DB2F3-9052-45A8-8751-7B3F5C47AAD3}.Debug|Any CPU.ActiveCfg = Debug|Any CPU
		{B40DB2F3-9052-45A8-8751-7B3F5C47AAD3}.Debug|Any CPU.Build.0 = Debug|Any CPU
		{B40DB2F3-9052-45A8-8751-7B3F5C47AAD3}.Release|Any CPU.ActiveCfg = Release|Any CPU
		{B40DB2F3-9052-45A8-8751-7B3F5C47AAD3}.Release|Any CPU.Build.0 = Release|Any CPU
		{162AC471-18ED-49A5-98D4-7677B0A6C185}.Debug|Any CPU.ActiveCfg = Debug|Any CPU
		{162AC471-18ED-49A5-98D4-7677B0A6C185}.Debug|Any CPU.Build.0 = Debug|Any CPU
		{162AC471-18ED-49A5-98D4-7677B0A6C185}.Release|Any CPU.ActiveCfg = Release|Any CPU
		{162AC471-18ED-49A5-98D4-7677B0A6C185}.Release|Any CPU.Build.0 = Release|Any CPU
		{CFA6122A-E47A-44E5-BF06-F50F2B489744}.Debug|Any CPU.ActiveCfg = Debug|Any CPU
		{CFA6122A-E47A-44E5-BF06-F50F2B489744}.Debug|Any CPU.Build.0 = Debug|Any CPU
		{CFA6122A-E47A-44E5-BF06-F50F2B489744}.Release|Any CPU.ActiveCfg = Release|Any CPU
		{CFA6122A-E47A-44E5-BF06-F50F2B489744}.Release|Any CPU.Build.0 = Release|Any CPU
		{3016C633-CFB7-4AB5-9A4E-01CBAC96CB0C}.Debug|Any CPU.ActiveCfg = Debug|Any CPU
		{3016C633-CFB7-4AB5-9A4E-01CBAC96CB0C}.Debug|Any CPU.Build.0 = Debug|Any CPU
		{3016C633-CFB7-4AB5-9A4E-01CBAC96CB0C}.Release|Any CPU.ActiveCfg = Release|Any CPU
		{3016C633-CFB7-4AB5-9A4E-01CBAC96CB0C}.Release|Any CPU.Build.0 = Release|Any CPU
		{68AF4871-D7E0-40F4-87C7-D5CB8C40EEFD}.Debug|Any CPU.ActiveCfg = Debug|Any CPU
		{68AF4871-D7E0-40F4-87C7-D5CB8C40EEFD}.Debug|Any CPU.Build.0 = Debug|Any CPU
		{68AF4871-D7E0-40F4-87C7-D5CB8C40EEFD}.Release|Any CPU.ActiveCfg = Release|Any CPU
		{68AF4871-D7E0-40F4-87C7-D5CB8C40EEFD}.Release|Any CPU.Build.0 = Release|Any CPU
		{A404C795-189B-4ACA-B5F6-5F14FA93E926}.Debug|Any CPU.ActiveCfg = Debug|Any CPU
		{A404C795-189B-4ACA-B5F6-5F14FA93E926}.Debug|Any CPU.Build.0 = Debug|Any CPU
		{A404C795-189B-4ACA-B5F6-5F14FA93E926}.Release|Any CPU.ActiveCfg = Release|Any CPU
		{A404C795-189B-4ACA-B5F6-5F14FA93E926}.Release|Any CPU.Build.0 = Release|Any CPU
		{0322EAD8-A491-4F5B-BBEE-7440F4849AC0}.Debug|Any CPU.ActiveCfg = Debug|Any CPU
		{0322EAD8-A491-4F5B-BBEE-7440F4849AC0}.Debug|Any CPU.Build.0 = Debug|Any CPU
		{0322EAD8-A491-4F5B-BBEE-7440F4849AC0}.Release|Any CPU.ActiveCfg = Release|Any CPU
		{0322EAD8-A491-4F5B-BBEE-7440F4849AC0}.Release|Any CPU.Build.0 = Release|Any CPU
		{7DE71F25-95F2-4640-ACE5-15774061DA69}.Debug|Any CPU.ActiveCfg = Debug|Any CPU
		{7DE71F25-95F2-4640-ACE5-15774061DA69}.Debug|Any CPU.Build.0 = Debug|Any CPU
		{7DE71F25-95F2-4640-ACE5-15774061DA69}.Release|Any CPU.ActiveCfg = Release|Any CPU
		{7DE71F25-95F2-4640-ACE5-15774061DA69}.Release|Any CPU.Build.0 = Release|Any CPU
		{0BAF3824-56D1-4CE4-A909-EDCC2C308A75}.Debug|Any CPU.ActiveCfg = Debug|Any CPU
		{0BAF3824-56D1-4CE4-A909-EDCC2C308A75}.Debug|Any CPU.Build.0 = Debug|Any CPU
		{0BAF3824-56D1-4CE4-A909-EDCC2C308A75}.Release|Any CPU.ActiveCfg = Release|Any CPU
		{0BAF3824-56D1-4CE4-A909-EDCC2C308A75}.Release|Any CPU.Build.0 = Release|Any CPU
		{1EC34581-F27D-4DD2-BAD0-962A56772ABD}.Debug|Any CPU.ActiveCfg = Debug|Any CPU
		{1EC34581-F27D-4DD2-BAD0-962A56772ABD}.Debug|Any CPU.Build.0 = Debug|Any CPU
		{1EC34581-F27D-4DD2-BAD0-962A56772ABD}.Release|Any CPU.ActiveCfg = Release|Any CPU
		{1EC34581-F27D-4DD2-BAD0-962A56772ABD}.Release|Any CPU.Build.0 = Release|Any CPU
		{7469E4B0-EEA0-4AC6-9934-AB1B602AAB75}.Debug|Any CPU.ActiveCfg = Debug|Any CPU
		{7469E4B0-EEA0-4AC6-9934-AB1B602AAB75}.Debug|Any CPU.Build.0 = Debug|Any CPU
		{7469E4B0-EEA0-4AC6-9934-AB1B602AAB75}.Release|Any CPU.ActiveCfg = Release|Any CPU
		{7469E4B0-EEA0-4AC6-9934-AB1B602AAB75}.Release|Any CPU.Build.0 = Release|Any CPU
		{CDCDF465-B4A7-4202-82C1-C8BC6FE32343}.Debug|Any CPU.ActiveCfg = Debug|Any CPU
		{CDCDF465-B4A7-4202-82C1-C8BC6FE32343}.Debug|Any CPU.Build.0 = Debug|Any CPU
		{CDCDF465-B4A7-4202-82C1-C8BC6FE32343}.Release|Any CPU.ActiveCfg = Release|Any CPU
		{CDCDF465-B4A7-4202-82C1-C8BC6FE32343}.Release|Any CPU.Build.0 = Release|Any CPU
		{AD1F3478-31DF-4AE9-9A9E-F4539F5EEF66}.Debug|Any CPU.ActiveCfg = Debug|Any CPU
		{AD1F3478-31DF-4AE9-9A9E-F4539F5EEF66}.Debug|Any CPU.Build.0 = Debug|Any CPU
		{AD1F3478-31DF-4AE9-9A9E-F4539F5EEF66}.Release|Any CPU.ActiveCfg = Release|Any CPU
		{AD1F3478-31DF-4AE9-9A9E-F4539F5EEF66}.Release|Any CPU.Build.0 = Release|Any CPU
		{845375D7-73D7-4CFE-A0C1-85081B05F27E}.Debug|Any CPU.ActiveCfg = Debug|Any CPU
		{845375D7-73D7-4CFE-A0C1-85081B05F27E}.Debug|Any CPU.Build.0 = Debug|Any CPU
		{845375D7-73D7-4CFE-A0C1-85081B05F27E}.Release|Any CPU.ActiveCfg = Release|Any CPU
		{845375D7-73D7-4CFE-A0C1-85081B05F27E}.Release|Any CPU.Build.0 = Release|Any CPU
	EndGlobalSection
	GlobalSection(SolutionProperties) = preSolution
		HideSolutionNode = FALSE
	EndGlobalSection
	GlobalSection(ExtensibilityGlobals) = postSolution
		SolutionGuid = {1798DF9E-6869-4BB6-A733-F53400D8EFF1}
	EndGlobalSection
EndGlobal
